
Microsoft Visual Studio Solution File, Format Version 12.00
# Visual Studio Version 17
VisualStudioVersion = 17.14.36616.10
MinimumVisualStudioVersion = 10.0.40219.1
Project("{FAE04EC0-301F-11D3-BF4B-00C04F79EFBC}") = "Operators", "Operators\Operators.csproj", "{82D4AE30-0F3E-42EC-815B-D3A2E4F4E5FE}"
EndProject
Project("{FAE04EC0-301F-11D3-BF4B-00C04F79EFBC}") = "SelectionStatments", "SelectionStatments\SelectionStatments.csproj", "{816B2AA3-1DD3-4FDE-B95F-70EA46D24DF0}"
EndProject
Project("{FAE04EC0-301F-11D3-BF4B-00C04F79EFBC}") = "IterationStatments", "IterationStatments\IterationStatments.csproj", "{53720816-C222-4BEB-9CA2-08D1290EE3E4}"
EndProject
Project("{FAE04EC0-301F-11D3-BF4B-00C04F79EFBC}") = "Array", "Array\Array.csproj", "{BA12B686-F138-4385-B737-5D3FF4D6CC53}"
EndProject
Project("{FAE04EC0-301F-11D3-BF4B-00C04F79EFBC}") = "CastingConverting", "CastingConverting\CastingConverting.csproj", "{DDC9A529-E4BA-407B-BFF5-B4F86D7B0F82}"
EndProject
Project("{FAE04EC0-301F-11D3-BF4B-00C04F79EFBC}") = "HandlingExceptions", "HandlingExceptions\HandlingExceptions.csproj", "{A0C3D83D-4506-4163-A3F4-23D029E212AB}"
EndProject
Project("{FAE04EC0-301F-11D3-BF4B-00C04F79EFBC}") = "RandomNoToplvl", "RandomNoToplvl\RandomNoToplvl.csproj", "{A43FAA86-B907-4B6A-8378-EC08F5CADABB}"
EndProject
Project("{FAE04EC0-301F-11D3-BF4B-00C04F79EFBC}") = "Exercise_FizzBuzz", "Exercise_FizzBuzz\Exercise_FizzBuzz.csproj", "{E4B8BB74-AF43-40E2-8BE0-AE1A12C43F33}"
EndProject
Global
	GlobalSection(SolutionConfigurationPlatforms) = preSolution
		Debug|Any CPU = Debug|Any CPU
		Release|Any CPU = Release|Any CPU
	EndGlobalSection
	GlobalSection(ProjectConfigurationPlatforms) = postSolution
		{82D4AE30-0F3E-42EC-815B-D3A2E4F4E5FE}.Debug|Any CPU.ActiveCfg = Debug|Any CPU
		{82D4AE30-0F3E-42EC-815B-D3A2E4F4E5FE}.Debug|Any CPU.Build.0 = Debug|Any CPU
		{82D4AE30-0F3E-42EC-815B-D3A2E4F4E5FE}.Release|Any CPU.ActiveCfg = Release|Any CPU
		{82D4AE30-0F3E-42EC-815B-D3A2E4F4E5FE}.Release|Any CPU.Build.0 = Release|Any CPU
		{816B2AA3-1DD3-4FDE-B95F-70EA46D24DF0}.Debug|Any CPU.ActiveCfg = Debug|Any CPU
		{816B2AA3-1DD3-4FDE-B95F-70EA46D24DF0}.Debug|Any CPU.Build.0 = Debug|Any CPU
		{816B2AA3-1DD3-4FDE-B95F-70EA46D24DF0}.Release|Any CPU.ActiveCfg = Release|Any CPU
		{816B2AA3-1DD3-4FDE-B95F-70EA46D24DF0}.Release|Any CPU.Build.0 = Release|Any CPU
		{53720816-C222-4BEB-9CA2-08D1290EE3E4}.Debug|Any CPU.ActiveCfg = Debug|Any CPU
		{53720816-C222-4BEB-9CA2-08D1290EE3E4}.Debug|Any CPU.Build.0 = Debug|Any CPU
		{53720816-C222-4BEB-9CA2-08D1290EE3E4}.Release|Any CPU.ActiveCfg = Release|Any CPU
		{53720816-C222-4BEB-9CA2-08D1290EE3E4}.Release|Any CPU.Build.0 = Release|Any CPU
		{BA12B686-F138-4385-B737-5D3FF4D6CC53}.Debug|Any CPU.ActiveCfg = Debug|Any CPU
		{BA12B686-F138-4385-B737-5D3FF4D6CC53}.Debug|Any CPU.Build.0 = Debug|Any CPU
		{BA12B686-F138-4385-B737-5D3FF4D6CC53}.Release|Any CPU.ActiveCfg = Release|Any CPU
		{BA12B686-F138-4385-B737-5D3FF4D6CC53}.Release|Any CPU.Build.0 = Release|Any CPU
		{DDC9A529-E4BA-407B-BFF5-B4F86D7B0F82}.Debug|Any CPU.ActiveCfg = Debug|Any CPU
		{DDC9A529-E4BA-407B-BFF5-B4F86D7B0F82}.Debug|Any CPU.Build.0 = Debug|Any CPU
		{DDC9A529-E4BA-407B-BFF5-B4F86D7B0F82}.Release|Any CPU.ActiveCfg = Release|Any CPU
		{DDC9A529-E4BA-407B-BFF5-B4F86D7B0F82}.Release|Any CPU.Build.0 = Release|Any CPU
		{A0C3D83D-4506-4163-A3F4-23D029E212AB}.Debug|Any CPU.ActiveCfg = Debug|Any CPU
		{A0C3D83D-4506-4163-A3F4-23D029E212AB}.Debug|Any CPU.Build.0 = Debug|Any CPU
		{A0C3D83D-4506-4163-A3F4-23D029E212AB}.Release|Any CPU.ActiveCfg = Release|Any CPU
		{A0C3D83D-4506-4163-A3F4-23D029E212AB}.Release|Any CPU.Build.0 = Release|Any CPU
		{A43FAA86-B907-4B6A-8378-EC08F5CADABB}.Debug|Any CPU.ActiveCfg = Debug|Any CPU
		{A43FAA86-B907-4B6A-8378-EC08F5CADABB}.Debug|Any CPU.Build.0 = Debug|Any CPU
		{A43FAA86-B907-4B6A-8378-EC08F5CADABB}.Release|Any CPU.ActiveCfg = Release|Any CPU
		{A43FAA86-B907-4B6A-8378-EC08F5CADABB}.Release|Any CPU.Build.0 = Release|Any CPU
		{E4B8BB74-AF43-40E2-8BE0-AE1A12C43F33}.Debug|Any CPU.ActiveCfg = Debug|Any CPU
		{E4B8BB74-AF43-40E2-8BE0-AE1A12C43F33}.Debug|Any CPU.Build.0 = Debug|Any CPU
		{E4B8BB74-AF43-40E2-8BE0-AE1A12C43F33}.Release|Any CPU.ActiveCfg = Release|Any CPU
		{E4B8BB74-AF43-40E2-8BE0-AE1A12C43F33}.Release|Any CPU.Build.0 = Release|Any CPU
	EndGlobalSection
	GlobalSection(SolutionProperties) = preSolution
		HideSolutionNode = FALSE
	EndGlobalSection
	GlobalSection(ExtensibilityGlobals) = postSolution
		SolutionGuid = {2130CFD2-F243-4D46-A897-0F8DD9D66683}
	EndGlobalSection
EndGlobal
